{
  "version": 4,
  "terraform_version": "1.15.7",
  "serial": 236,
  "lineage": "5263ea0d-87e5-7080-c9e8-21d70f8822ee",
  "outputs": {},
  "resources": [
    {
      "mode": "data",
      "type": "host_group",
      "name": "admin",
      "provider": "provider[\"registry.terraform.io/dongho-jung/host\"]",
      "instances": [
        {
          "schema_version": 0,
          "attributes": {
            "gid": "80",
            "id": "admin",
            "name": "admin",
            "role": "admin"
          },
          "sensitive_attributes": [],
          "identity_schema_version": 0
        }
      ]
    },
    {
      "mode": "managed",
      "type": "host_file",
      "name": "gitconfig",
      "provider": "provider[\"registry.terraform.io/dongho-jung/host\"]",
      "instances": [
        {
          "schema_version": 3,
          "attributes": {
            "block": [],
            "blocks": null,
            "content": "[user]\n  email = dongho971220@gmail.com\n  name = dongho-jung\n[core]\n  editor = vim\n  autocrlf = input\n  quotePath = false\n  hooksPath = /Users/dongho/.git-hooks\n[commit]\n  verbose = true\n[init]\n  defaultBranch = main\n[pull]\n  rebase = false\n[push]\n  autoSetupRemote = true\n",
            "id": "~/.gitconfig",
            "path": "~/.gitconfig",
            "rendered_content": "[user]\n  email = dongho971220@gmail.com\n  name = dongho-jung\n[core]\n  editor = vim\n  autocrlf = input\n  quotePath = false\n  hooksPath = /Users/dongho/.git-hooks\n[commit]\n  verbose = true\n[init]\n  defaultBranch = main\n[pull]\n  rebase = false\n[push]\n  autoSetupRemote = true\n"
          },
          "sensitive_attributes": [],
          "identity_schema_version": 0
        }
      ]
    },
    {
      "mode": "managed",
      "type": "host_file",
      "name": "zshrc",
      "provider": "provider[\"registry.terraform.io/dongho-jung/host\"]",
      "instances": [
        {
          "schema_version": 3,
          "attributes": {
            "block": [
              {
                "after": null,
                "before": null,
                "content": "export LESSHISTFILE=/dev/null\nexport WORDCHARS=\"\"\nexport LANG=\"en_US.UTF-8\"\nexport LC_ALL=\"en_US.UTF-8\"\nexport HISTFILE=\"$HOME/projects/shell-history/mac-desktop\"\nexport HISTSIZE=1000000000\nexport SAVEHIST=1000000000\n",
                "name": "environment"
              },
              {
                "after": null,
                "before": null,
                "content": null,
                "name": "path"
              },
              {
                "after": null,
                "before": null,
                "content": "alias y='pbcopy' p='pbpaste'\nalias rr='source ~/.zshrc'\nalias rm='echo \"rm is disabled. use `trash` command instead.\"'\nalias -g ...='../..'\nalias -g ....='../../..'\n",
                "name": "alias"
              },
              {
                "after": null,
                "before": null,
                "content": "setopt append_history\nsetopt autopushd\nsetopt extended_glob\nsetopt hist_find_no_dups\nsetopt hist_ignore_all_dups\nsetopt hist_ignore_space\nsetopt hist_reduce_blanks\nsetopt hist_save_no_dups\nsetopt inc_append_history\nsetopt interactive_comments\nsetopt share_history\n",
                "name": "options"
              },
              {
                "after": null,
                "before": null,
                "content": "bindkey -e\nbindkey '^[[1;3C' forward-word\nbindkey '^[[1;3D' backward-word\nbindkey '^[[1;5C' end-of-line\nbindkey '^[[1;5D' beginning-of-line\nbindkey '^[b' beginning-of-line\nbindkey '^[f' end-of-line\n",
                "name": "keybindings"
              },
              {
                "after": null,
                "before": null,
                "content": "source ~/.zsh/alias-tips/alias-tips.plugin.zsh",
                "name": "plugins"
              },
              {
                "after": null,
                "before": null,
                "content": "tmp() {\n  TMP=~/tmp/$(date +%F)\n  if [ \"$#\" -gt 0 ]; then\n    TMP=\"${TMP}-$(echo \"$@\" | tr ' ' '-')\"\n  fi\n  mkdir -p \"$TMP\"\n  cd \"$TMP\"\n}\n",
                "name": "functions"
              },
              {
                "after": null,
                "before": null,
                "content": null,
                "name": "init"
              }
            ],
            "blocks": {
              "alias": {
                "name": "alias",
                "path": "~/.zshrc"
              },
              "environment": {
                "name": "environment",
                "path": "~/.zshrc"
              },
              "functions": {
                "name": "functions",
                "path": "~/.zshrc"
              },
              "init": {
                "name": "init",
                "path": "~/.zshrc"
              },
              "keybindings": {
                "name": "keybindings",
                "path": "~/.zshrc"
              },
              "options": {
                "name": "options",
                "path": "~/.zshrc"
              },
              "path": {
                "name": "path",
                "path": "~/.zshrc"
              },
              "plugins": {
                "name": "plugins",
                "path": "~/.zshrc"
              }
            },
            "content": null,
            "id": "~/.zshrc",
            "path": "~/.zshrc",
            "rendered_content": "export LESSHISTFILE=/dev/null\nexport WORDCHARS=\"\"\nexport LANG=\"en_US.UTF-8\"\nexport LC_ALL=\"en_US.UTF-8\"\nexport HISTFILE=\"$HOME/projects/shell-history/mac-desktop\"\nexport HISTSIZE=1000000000\nexport SAVEHIST=1000000000\nexport EDITOR=nvim\nexport FZF_CTRL_R_OPTS=\"--scheme=history\"\n\nexport PATH=\"$PATH:$HOME/.cargo/bin\"\nexport PATH=\"$PATH:$HOME/Library/Android/sdk/platform-tools/\"\n\nalias y='pbcopy' p='pbpaste'\nalias rr='source ~/.zshrc'\nalias rm='echo \"rm is disabled. use `trash` command instead.\"'\nalias -g ...='../..'\nalias -g ....='../../..'\nalias c='IS_DEMO=1 claude --ide --chrome --allow-dangerously-skip-permissions --effort max --permission-mode bypassPermissions'\nalias cat='bat'\nalias ga='git add' gc='git commit -v' gl='git pull' gp='git push' gg='lazygit' gst='git status' gco='git checkout'\nalias gr='git restore' grs='git restore --staged' gd='git diff' gds='git diff --staged' glog='git log --all --decorate --oneline --graph'\nalias ls='eza' l='eza -lbF --git' ll='eza -la --git' tree='eza --tree --git' ltree='tree -l'\nalias o='codex --dangerously-bypass-approvals-and-sandbox'\nalias tf='terraform' tfi='tf init' tfp='tf plan' tfa='terraform apply'\nalias vi=\"nvim\" vim=\"vi\"\n\nsetopt append_history\nsetopt autopushd\nsetopt extended_glob\nsetopt hist_find_no_dups\nsetopt hist_ignore_all_dups\nsetopt hist_ignore_space\nsetopt hist_reduce_blanks\nsetopt hist_save_no_dups\nsetopt inc_append_history\nsetopt interactive_comments\nsetopt share_history\n\nbindkey -e\nbindkey '^[[1;3C' forward-word\nbindkey '^[[1;3D' backward-word\nbindkey '^[[1;5C' end-of-line\nbindkey '^[[1;5D' beginning-of-line\nbindkey '^[b' beginning-of-line\nbindkey '^[f' end-of-line\n\nsource ~/.zsh/alias-tips/alias-tips.plugin.zsh\nsource \u003c(fzf --zsh)\n\ntmp() {\n  TMP=~/tmp/$(date +%F)\n  if [ \"$#\" -gt 0 ]; then\n    TMP=\"${TMP}-$(echo \"$@\" | tr ' ' '-')\"\n  fi\n  mkdir -p \"$TMP\"\n  cd \"$TMP\"\n}\n\neval \"$(starship init zsh)\"\neval \"$(zoxide init zsh)\"\n"
          },
          "sensitive_attributes": [],
          "identity_schema_version": 0
        }
      ]
    },
    {
      "mode": "managed",
      "type": "host_file_block",
      "name": "android_studio_path",
      "provider": "provider[\"registry.terraform.io/dongho-jung/host\"]",
      "instances": [
        {
          "schema_version": 2,
          "attributes": {
            "after": null,
            "before": null,
            "block": {
              "name": "path",
              "path": "~/.zshrc"
            },
            "content": "export PATH=\"$PATH:$HOME/Library/Android/sdk/platform-tools/\"",
            "file_block": null,
            "id": "hfb-bdd0fdf5db20115f5e548b294794cf4c"
          },
          "sensitive_attributes": [],
          "identity_schema_version": 0,
          "dependencies": [
            "host_file.zshrc"
          ]
        }
      ]
    },
    {
      "mode": "managed",
      "type": "host_file_block",
      "name": "bat_aliases",
      "provider": "provider[\"registry.terraform.io/dongho-jung/host\"]",
      "instances": [
        {
          "schema_version": 2,
          "attributes": {
            "after": null,
            "before": null,
            "block": {
              "name": "alias",
              "path": "~/.zshrc"
            },
            "content": "alias cat='bat'",
            "file_block": null,
            "id": "hfb-a974ae2bccc52f3fd5bd8df5a4198c7b"
          },
          "sensitive_attributes": [],
          "identity_schema_version": 0,
          "dependencies": [
            "host_file.zshrc"
          ]
        }
      ]
    },
    {
      "mode": "managed",
      "type": "host_file_block",
      "name": "claude_aliases",
      "provider": "provider[\"registry.terraform.io/dongho-jung/host\"]",
      "instances": [
        {
          "schema_version": 2,
          "attributes": {
            "after": null,
            "before": null,
            "block": {
              "name": "alias",
              "path": "~/.zshrc"
            },
            "content": "alias c='IS_DEMO=1 claude --ide --chrome --allow-dangerously-skip-permissions --effort max --permission-mode bypassPermissions'",
            "file_block": null,
            "id": "hfb-f758f51007b6c72cc0b69950f9f43ca9"
          },
          "sensitive_attributes": [],
          "identity_schema_version": 0,
          "dependencies": [
            "host_file.zshrc"
          ]
        }
      ]
    },
    {
      "mode": "managed",
      "type": "host_file_block",
      "name": "codex_aliases",
      "provider": "provider[\"registry.terraform.io/dongho-jung/host\"]",
      "instances": [
        {
          "schema_version": 2,
          "attributes": {
            "after": null,
            "before": null,
            "block": {
              "name": "alias",
              "path": "~/.zshrc"
            },
            "content": "alias o='codex --dangerously-bypass-approvals-and-sandbox'",
            "file_block": null,
            "id": "hfb-4de6763aeb3b2f7490e29937e9a40b2f"
          },
          "sensitive_attributes": [],
          "identity_schema_version": 0,
          "dependencies": [
            "host_file.zshrc"
          ]
        }
      ]
    },
    {
      "mode": "managed",
      "type": "host_file_block",
      "name": "eza_aliases",
      "provider": "provider[\"registry.terraform.io/dongho-jung/host\"]",
      "instances": [
        {
          "schema_version": 2,
          "attributes": {
            "after": null,
            "before": null,
            "block": {
              "name": "alias",
              "path": "~/.zshrc"
            },
            "content": "alias ls='eza' l='eza -lbF --git' ll='eza -la --git' tree='eza --tree --git' ltree='tree -l'",
            "file_block": null,
            "id": "hfb-a9b28248abeb7229fb1cbe9e67081763"
          },
          "sensitive_attributes": [],
          "identity_schema_version": 0,
          "dependencies": [
            "host_file.zshrc"
          ]
        }
      ]
    },
    {
      "mode": "managed",
      "type": "host_file_block",
      "name": "fzf_environment",
      "provider": "provider[\"registry.terraform.io/dongho-jung/host\"]",
      "instances": [
        {
          "schema_version": 2,
          "attributes": {
            "after": null,
            "before": null,
            "block": {
              "name": "environment",
              "path": "~/.zshrc"
            },
            "content": "export FZF_CTRL_R_OPTS=\"--scheme=history\"",
            "file_block": null,
            "id": "hfb-654fa0a9ca20b19e1f584be806bf3562"
          },
          "sensitive_attributes": [],
          "identity_schema_version": 0,
          "dependencies": [
            "host_file.zshrc"
          ]
        }
      ]
    },
    {
      "mode": "managed",
      "type": "host_file_block",
      "name": "fzf_plugin",
      "provider": "provider[\"registry.terraform.io/dongho-jung/host\"]",
      "instances": [
        {
          "schema_version": 2,
          "attributes": {
            "after": null,
            "before": null,
            "block": {
              "name": "plugins",
              "path": "~/.zshrc"
            },
            "content": "source \u003c(fzf --zsh)",
            "file_block": null,
            "id": "hfb-943c0373796546eabcdd92bb3d0f2bde"
          },
          "sensitive_attributes": [],
          "identity_schema_version": 0,
          "dependencies": [
            "host_file.zshrc"
          ]
        }
      ]
    },
    {
      "mode": "managed",
      "type": "host_file_block",
      "name": "git_aliases",
      "provider": "provider[\"registry.terraform.io/dongho-jung/host\"]",
      "instances": [
        {
          "schema_version": 2,
          "attributes": {
            "after": null,
            "before": null,
            "block": {
              "name": "alias",
              "path": "~/.zshrc"
            },
            "content": "alias ga='git add' gc='git commit -v' gl='git pull' gp='git push' gg='lazygit' gst='git status' gco='git checkout'\nalias gr='git restore' grs='git restore --staged' gd='git diff' gds='git diff --staged' glog='git log --all --decorate --oneline --graph'\n",
            "file_block": null,
            "id": "hfb-8ccdf09115dcf2c7a5e1498373a53de3"
          },
          "sensitive_attributes": [],
          "identity_schema_version": 0,
          "dependencies": [
            "host_file.zshrc"
          ]
        }
      ]
    },
    {
      "mode": "managed",
      "type": "host_file_block",
      "name": "neovim_aliases",
      "provider": "provider[\"registry.terraform.io/dongho-jung/host\"]",
      "instances": [
        {
          "schema_version": 2,
          "attributes": {
            "after": null,
            "before": null,
            "block": {
              "name": "alias",
              "path": "~/.zshrc"
            },
            "content": "alias vi=\"nvim\" vim=\"vi\"",
            "file_block": null,
            "id": "hfb-c7dd146804854b901b6aba1a8613c6f3"
          },
          "sensitive_attributes": [],
          "identity_schema_version": 0,
          "dependencies": [
            "host_file.zshrc"
          ]
        }
      ]
    },
    {
      "mode": "managed",
      "type": "host_file_block",
      "name": "neovim_environment",
      "provider": "provider[\"registry.terraform.io/dongho-jung/host\"]",
      "instances": [
        {
          "schema_version": 2,
          "attributes": {
            "after": null,
            "before": null,
            "block": {
              "name": "environment",
              "path": "~/.zshrc"
            },
            "content": "export EDITOR=nvim",
            "file_block": null,
            "id": "hfb-96b575a5c2c123409d0fb752ec97cdc7"
          },
          "sensitive_attributes": [],
          "identity_schema_version": 0,
          "dependencies": [
            "host_file.zshrc"
          ]
        }
      ]
    },
    {
      "mode": "managed",
      "type": "host_file_block",
      "name": "rust_path",
      "provider": "provider[\"registry.terraform.io/dongho-jung/host\"]",
      "instances": [
        {
          "schema_version": 2,
          "attributes": {
            "after": null,
            "before": null,
            "block": {
              "name": "path",
              "path": "~/.zshrc"
            },
            "content": "export PATH=\"$PATH:$HOME/.cargo/bin\"",
            "file_block": null,
            "id": "hfb-d3d57de331bd5f8b92823ab5116e58a6"
          },
          "sensitive_attributes": [],
          "identity_schema_version": 0,
          "dependencies": [
            "host_file.zshrc"
          ]
        }
      ]
    },
    {
      "mode": "managed",
      "type": "host_file_block",
      "name": "starship_init",
      "provider": "provider[\"registry.terraform.io/dongho-jung/host\"]",
      "instances": [
        {
          "schema_version": 2,
          "attributes": {
            "after": null,
            "before": null,
            "block": {
              "name": "init",
              "path": "~/.zshrc"
            },
            "content": "eval \"$(starship init zsh)\"",
            "file_block": null,
            "id": "hfb-36a9d9150dfffb7e82976527079f20e4"
          },
          "sensitive_attributes": [],
          "identity_schema_version": 0,
          "dependencies": [
            "host_file.zshrc"
          ]
        }
      ]
    },
    {
      "mode": "managed",
      "type": "host_file_block",
      "name": "terraform_aliases",
      "provider": "provider[\"registry.terraform.io/dongho-jung/host\"]",
      "instances": [
        {
          "schema_version": 2,
          "attributes": {
            "after": null,
            "before": null,
            "block": {
              "name": "alias",
              "path": "~/.zshrc"
            },
            "content": "alias tf='terraform' tfi='tf init' tfp='tf plan' tfa='terraform apply'",
            "file_block": null,
            "id": "hfb-08dcb3dc82793dda7b1a8c8f9c172090"
          },
          "sensitive_attributes": [],
          "identity_schema_version": 0,
          "dependencies": [
            "host_file.zshrc"
          ]
        }
      ]
    },
    {
      "mode": "managed",
      "type": "host_file_block",
      "name": "zoxide_init",
      "provider": "provider[\"registry.terraform.io/dongho-jung/host\"]",
      "instances": [
        {
          "schema_version": 2,
          "attributes": {
            "after": null,
            "before": null,
            "block": {
              "name": "init",
              "path": "~/.zshrc"
            },
            "content": "eval \"$(zoxide init zsh)\"",
            "file_block": null,
            "id": "hfb-11f6d7903c79f63fc5e9b36441c598b4"
          },
          "sensitive_attributes": [],
          "identity_schema_version": 0,
          "dependencies": [
            "host_file.zshrc"
          ]
        }
      ]
    },
    {
      "mode": "managed",
      "type": "host_link",
      "name": "neovim_config",
      "provider": "provider[\"registry.terraform.io/dongho-jung/host\"]",
      "instances": [
        {
          "schema_version": 1,
          "attributes": {
            "destination": "~/.config/nvim",
            "id": "~/.config/nvim",
            "source": "./neovim",
            "source_path": "/Users/dongho/projects/environments/mac-desktop/neovim"
          },
          "sensitive_attributes": [],
          "identity_schema_version": 0
        }
      ]
    },
    {
      "mode": "managed",
      "type": "host_package_brew",
      "name": "android_studio",
      "provider": "provider[\"registry.terraform.io/dongho-jung/host\"]",
      "instances": [
        {
          "schema_version": 0,
          "attributes": {
            "autoremove": true,
            "candidate_version": "2026.1.1.10,quail1-patch2",
            "id": "cask:android-studio",
            "installed_version": "2025.3.4.6,panda4",
            "name": "android-studio",
            "package_type": "cask",
            "pinned": false,
            "tap": null,
            "version": "latest",
            "zap": false
          },
          "sensitive_attributes": [],
          "identity_schema_version": 0
        }
      ]
    },
    {
      "mode": "managed",
      "type": "host_package_brew",
      "name": "bat",
      "provider": "provider[\"registry.terraform.io/dongho-jung/host\"]",
      "instances": [
        {
          "schema_version": 0,
          "attributes": {
            "autoremove": true,
            "candidate_version": "0.26.1",
            "id": "formula:bat",
            "installed_version": "0.26.1",
            "name": "bat",
            "package_type": "formula",
            "pinned": false,
            "tap": null,
            "version": "latest",
            "zap": false
          },
          "sensitive_attributes": [],
          "identity_schema_version": 0
        }
      ]
    },
    {
      "mode": "managed",
      "type": "host_package_brew",
      "name": "bettertouchtool",
      "provider": "provider[\"registry.terraform.io/dongho-jung/host\"]",
      "instances": [
        {
          "schema_version": 0,
          "attributes": {
            "autoremove": true,
            "candidate_version": "6.609,2026062603",
            "id": "cask:bettertouchtool",
            "installed_version": "6.609,2026062603",
            "name": "bettertouchtool",
            "package_type": "cask",
            "pinned": false,
            "tap": null,
            "version": "latest",
            "zap": false
          },
          "sensitive_attributes": [],
          "identity_schema_version": 0
        }
      ]
    },
    {
      "mode": "managed",
      "type": "host_package_brew",
      "name": "blackhole_2ch",
      "provider": "provider[\"registry.terraform.io/dongho-jung/host\"]",
      "instances": [
        {
          "schema_version": 0,
          "attributes": {
            "autoremove": true,
            "candidate_version": "0.7.0",
            "id": "cask:blackhole-2ch",
            "installed_version": "0.7.0",
            "name": "blackhole-2ch",
            "package_type": "cask",
            "pinned": false,
            "tap": null,
            "version": "latest",
            "zap": false
          },
          "sensitive_attributes": [],
          "identity_schema_version": 0
        }
      ]
    },
    {
      "mode": "managed",
      "type": "host_package_brew",
      "name": "claude",
      "provider": "provider[\"registry.terraform.io/dongho-jung/host\"]",
      "instances": [
        {
          "schema_version": 0,
          "attributes": {
            "autoremove": true,
            "candidate_version": "1.17282.0,22fd1c1312a1ddabf60cd82636bd3f35dd703406",
            "id": "cask:claude",
            "installed_version": "1.17282.0,22fd1c1312a1ddabf60cd82636bd3f35dd703406",
            "name": "claude",
            "package_type": "cask",
            "pinned": false,
            "tap": null,
            "version": "latest",
            "zap": false
          },
          "sensitive_attributes": [],
          "identity_schema_version": 0
        }
      ]
    },
    {
      "mode": "managed",
      "type": "host_package_brew",
      "name": "claude_code",
      "provider": "provider[\"registry.terraform.io/dongho-jung/host\"]",
      "instances": [
        {
          "schema_version": 0,
          "attributes": {
            "autoremove": true,
            "candidate_version": "2.1.185",
            "id": "cask:claude-code",
            "installed_version": "2.1.185",
            "name": "claude-code",
            "package_type": "cask",
            "pinned": false,
            "tap": null,
            "version": "latest",
            "zap": false
          },
          "sensitive_attributes": [],
          "identity_schema_version": 0
        }
      ]
    },
    {
      "mode": "managed",
      "type": "host_package_brew",
      "name": "codex",
      "provider": "provider[\"registry.terraform.io/dongho-jung/host\"]",
      "instances": [
        {
          "schema_version": 0,
          "attributes": {
            "autoremove": true,
            "candidate_version": "0.142.4",
            "id": "cask:codex",
            "installed_version": "0.142.4",
            "name": "codex",
            "package_type": "cask",
            "pinned": false,
            "tap": null,
            "version": "latest",
            "zap": false
          },
          "sensitive_attributes": [],
          "identity_schema_version": 0
        }
      ]
    },
    {
      "mode": "managed",
      "type": "host_package_brew",
      "name": "codex_app",
      "provider": "provider[\"registry.terraform.io/dongho-jung/host\"]",
      "instances": [
        {
          "schema_version": 0,
          "attributes": {
            "autoremove": true,
            "candidate_version": "26.623.70822",
            "id": "cask:codex-app",
            "installed_version": "26.623.70822",
            "name": "codex-app",
            "package_type": "cask",
            "pinned": false,
            "tap": null,
            "version": "latest",
            "zap": false
          },
          "sensitive_attributes": [],
          "identity_schema_version": 0
        }
      ]
    },
    {
      "mode": "managed",
      "type": "host_package_brew",
      "name": "docker_desktop",
      "provider": "provider[\"registry.terraform.io/dongho-jung/host\"]",
      "instances": [
        {
          "schema_version": 0,
          "attributes": {
            "autoremove": true,
            "candidate_version": "4.80.0,232116",
            "id": "cask:docker-desktop",
            "installed_version": "4.80.0,232116",
            "name": "docker-desktop",
            "package_type": "cask",
            "pinned": false,
            "tap": null,
            "version": "latest",
            "zap": false
          },
          "sensitive_attributes": [],
          "identity_schema_version": 0
        }
      ]
    },
    {
      "mode": "managed",
      "type": "host_package_brew",
      "name": "eza",
      "provider": "provider[\"registry.terraform.io/dongho-jung/host\"]",
      "instances": [
        {
          "schema_version": 0,
          "attributes": {
            "autoremove": true,
            "candidate_version": "0.23.4",
            "id": "formula:eza",
            "installed_version": "0.23.4",
            "name": "eza",
            "package_type": "formula",
            "pinned": false,
            "tap": null,
            "version": "latest",
            "zap": false
          },
          "sensitive_attributes": [],
          "identity_schema_version": 0
        }
      ]
    },
    {
      "mode": "managed",
      "type": "host_package_brew",
      "name": "font_inconsolata_nerd_font",
      "provider": "provider[\"registry.terraform.io/dongho-jung/host\"]",
      "instances": [
        {
          "schema_version": 0,
          "attributes": {
            "autoremove": true,
            "candidate_version": "3.4.0",
            "id": "cask:font-inconsolata-nerd-font",
            "installed_version": "3.4.0",
            "name": "font-inconsolata-nerd-font",
            "package_type": "cask",
            "pinned": false,
            "tap": null,
            "version": "latest",
            "zap": false
          },
          "sensitive_attributes": [],
          "identity_schema_version": 0
        }
      ]
    },
    {
      "mode": "managed",
      "type": "host_package_brew",
      "name": "fzf",
      "provider": "provider[\"registry.terraform.io/dongho-jung/host\"]",
      "instances": [
        {
          "schema_version": 0,
          "attributes": {
            "autoremove": true,
            "candidate_version": "0.73.1",
            "id": "formula:fzf",
            "installed_version": "0.73.1",
            "name": "fzf",
            "package_type": "formula",
            "pinned": false,
            "tap": null,
            "version": "latest",
            "zap": false
          },
          "sensitive_attributes": [],
          "identity_schema_version": 0
        }
      ]
    },
    {
      "mode": "managed",
      "type": "host_package_brew",
      "name": "gh",
      "provider": "provider[\"registry.terraform.io/dongho-jung/host\"]",
      "instances": [
        {
          "schema_version": 0,
          "attributes": {
            "autoremove": true,
            "candidate_version": "2.95.0",
            "id": "formula:gh",
            "installed_version": "2.95.0",
            "name": "gh",
            "package_type": "formula",
            "pinned": false,
            "tap": null,
            "version": "latest",
            "zap": false
          },
          "sensitive_attributes": [],
          "identity_schema_version": 0
        }
      ]
    },
    {
      "mode": "managed",
      "type": "host_package_brew",
      "name": "godot",
      "provider": "provider[\"registry.terraform.io/dongho-jung/host\"]",
      "instances": [
        {
          "schema_version": 0,
          "attributes": {
            "autoremove": true,
            "candidate_version": "4.7",
            "id": "cask:godot",
            "installed_version": "4.7",
            "name": "godot",
            "package_type": "cask",
            "pinned": false,
            "tap": null,
            "version": "latest",
            "zap": false
          },
          "sensitive_attributes": [],
          "identity_schema_version": 0
        }
      ]
    },
    {
      "mode": "managed",
      "type": "host_package_brew",
      "name": "google_chrome",
      "provider": "provider[\"registry.terraform.io/dongho-jung/host\"]",
      "instances": [
        {
          "schema_version": 0,
          "attributes": {
            "autoremove": true,
            "candidate_version": "149.0.7827.201",
            "id": "cask:google-chrome",
            "installed_version": "149.0.7827.201",
            "name": "google-chrome",
            "package_type": "cask",
            "pinned": false,
            "tap": null,
            "version": "latest",
            "zap": false
          },
          "sensitive_attributes": [],
          "identity_schema_version": 0
        }
      ]
    },
    {
      "mode": "managed",
      "type": "host_package_brew",
      "name": "gradle",
      "provider": "provider[\"registry.terraform.io/dongho-jung/host\"]",
      "instances": [
        {
          "schema_version": 0,
          "attributes": {
            "autoremove": true,
            "candidate_version": "9.6.1",
            "id": "formula:gradle",
            "installed_version": "9.6.1",
            "name": "gradle",
            "package_type": "formula",
            "pinned": false,
            "tap": null,
            "version": "latest",
            "zap": false
          },
          "sensitive_attributes": [],
          "identity_schema_version": 0
        }
      ]
    },
    {
      "mode": "managed",
      "type": "host_package_brew",
      "name": "hammerspoon",
      "provider": "provider[\"registry.terraform.io/dongho-jung/host\"]",
      "instances": [
        {
          "schema_version": 0,
          "attributes": {
            "autoremove": true,
            "candidate_version": "1.1.1",
            "id": "cask:hammerspoon",
            "installed_version": "1.1.1",
            "name": "hammerspoon",
            "package_type": "cask",
            "pinned": false,
            "tap": null,
            "version": "latest",
            "zap": false
          },
          "sensitive_attributes": [],
          "identity_schema_version": 0
        }
      ]
    },
    {
      "mode": "managed",
      "type": "host_package_brew",
      "name": "hiddenbar",
      "provider": "provider[\"registry.terraform.io/dongho-jung/host\"]",
      "instances": [
        {
          "schema_version": 0,
          "attributes": {
            "autoremove": true,
            "candidate_version": "1.10",
            "id": "cask:hiddenbar",
            "installed_version": "1.10",
            "name": "hiddenbar",
            "package_type": "cask",
            "pinned": false,
            "tap": null,
            "version": "latest",
            "zap": false
          },
          "sensitive_attributes": [],
          "identity_schema_version": 0
        }
      ]
    },
    {
      "mode": "managed",
      "type": "host_package_brew",
      "name": "iina",
      "provider": "provider[\"registry.terraform.io/dongho-jung/host\"]",
      "instances": [
        {
          "schema_version": 0,
          "attributes": {
            "autoremove": true,
            "candidate_version": "1.4.4",
            "id": "cask:iina",
            "installed_version": "1.4.4",
            "name": "iina",
            "package_type": "cask",
            "pinned": false,
            "tap": null,
            "version": "latest",
            "zap": false
          },
          "sensitive_attributes": [],
          "identity_schema_version": 0
        }
      ]
    },
    {
      "mode": "managed",
      "type": "host_package_brew",
      "name": "iterm2",
      "provider": "provider[\"registry.terraform.io/dongho-jung/host\"]",
      "instances": [
        {
          "schema_version": 0,
          "attributes": {
            "autoremove": true,
            "candidate_version": "3.6.11",
            "id": "cask:iterm2",
            "installed_version": "3.6.11",
            "name": "iterm2",
            "package_type": "cask",
            "pinned": false,
            "tap": null,
            "version": "latest",
            "zap": false
          },
          "sensitive_attributes": [],
          "identity_schema_version": 0
        }
      ]
    },
    {
      "mode": "managed",
      "type": "host_package_brew",
      "name": "itsycal",
      "provider": "provider[\"registry.terraform.io/dongho-jung/host\"]",
      "instances": [
        {
          "schema_version": 0,
          "attributes": {
            "autoremove": true,
            "candidate_version": "0.15.12",
            "id": "cask:itsycal",
            "installed_version": "0.15.12",
            "name": "itsycal",
            "package_type": "cask",
            "pinned": false,
            "tap": null,
            "version": "latest",
            "zap": false
          },
          "sensitive_attributes": [],
          "identity_schema_version": 0
        }
      ]
    },
    {
      "mode": "managed",
      "type": "host_package_brew",
      "name": "karabiner_elements",
      "provider": "provider[\"registry.terraform.io/dongho-jung/host\"]",
      "instances": [
        {
          "schema_version": 0,
          "attributes": {
            "autoremove": true,
            "candidate_version": "16.0.0",
            "id": "cask:karabiner-elements",
            "installed_version": "15.9.0",
            "name": "karabiner-elements",
            "package_type": "cask",
            "pinned": false,
            "tap": null,
            "version": "latest",
            "zap": false
          },
          "sensitive_attributes": [],
          "identity_schema_version": 0
        }
      ]
    },
    {
      "mode": "managed",
      "type": "host_package_brew",
      "name": "keycastr",
      "provider": "provider[\"registry.terraform.io/dongho-jung/host\"]",
      "instances": [
        {
          "schema_version": 0,
          "attributes": {
            "autoremove": true,
            "candidate_version": "0.10.5",
            "id": "cask:keycastr",
            "installed_version": "0.10.5",
            "name": "keycastr",
            "package_type": "cask",
            "pinned": false,
            "tap": null,
            "version": "latest",
            "zap": false
          },
          "sensitive_attributes": [],
          "identity_schema_version": 0
        }
      ]
    },
    {
      "mode": "managed",
      "type": "host_package_brew",
      "name": "neovim",
      "provider": "provider[\"registry.terraform.io/dongho-jung/host\"]",
      "instances": [
        {
          "schema_version": 0,
          "attributes": {
            "autoremove": true,
            "candidate_version": "0.12.3",
            "id": "formula:neovim",
            "installed_version": "0.12.3",
            "name": "neovim",
            "package_type": "formula",
            "pinned": false,
            "tap": null,
            "version": "latest",
            "zap": false
          },
          "sensitive_attributes": [],
          "identity_schema_version": 0
        }
      ]
    },
    {
      "mode": "managed",
      "type": "host_package_brew",
      "name": "obsidian",
      "provider": "provider[\"registry.terraform.io/dongho-jung/host\"]",
      "instances": [
        {
          "schema_version": 0,
          "attributes": {
            "autoremove": true,
            "candidate_version": "1.12.7",
            "id": "cask:obsidian",
            "installed_version": "1.12.7",
            "name": "obsidian",
            "package_type": "cask",
            "pinned": false,
            "tap": null,
            "version": "latest",
            "zap": false
          },
          "sensitive_attributes": [],
          "identity_schema_version": 0
        }
      ]
    },
    {
      "mode": "managed",
      "type": "host_package_brew",
      "name": "onepassword",
      "provider": "provider[\"registry.terraform.io/dongho-jung/host\"]",
      "instances": [
        {
          "schema_version": 0,
          "attributes": {
            "autoremove": true,
            "candidate_version": "8.12.24",
            "id": "cask:1password",
            "installed_version": "8.12.21",
            "name": "1password",
            "package_type": "cask",
            "pinned": false,
            "tap": null,
            "version": "latest",
            "zap": false
          },
          "sensitive_attributes": [],
          "identity_schema_version": 0
        }
      ]
    },
    {
      "mode": "managed",
      "type": "host_package_brew",
      "name": "rust",
      "provider": "provider[\"registry.terraform.io/dongho-jung/host\"]",
      "instances": [
        {
          "schema_version": 0,
          "attributes": {
            "autoremove": true,
            "candidate_version": "1.96.0",
            "id": "formula:rust",
            "installed_version": "1.96.0",
            "name": "rust",
            "package_type": "formula",
            "pinned": false,
            "tap": null,
            "version": "latest",
            "zap": false
          },
          "sensitive_attributes": [],
          "identity_schema_version": 0
        }
      ]
    },
    {
      "mode": "managed",
      "type": "host_package_brew",
      "name": "scrcpy",
      "provider": "provider[\"registry.terraform.io/dongho-jung/host\"]",
      "instances": [
        {
          "schema_version": 0,
          "attributes": {
            "autoremove": true,
            "candidate_version": "4.0",
            "id": "formula:scrcpy",
            "installed_version": "4.0",
            "name": "scrcpy",
            "package_type": "formula",
            "pinned": false,
            "tap": null,
            "version": "latest",
            "zap": false
          },
          "sensitive_attributes": [],
          "identity_schema_version": 0
        }
      ]
    },
    {
      "mode": "managed",
      "type": "host_package_brew",
      "name": "shottr",
      "provider": "provider[\"registry.terraform.io/dongho-jung/host\"]",
      "instances": [
        {
          "schema_version": 0,
          "attributes": {
            "autoremove": true,
            "candidate_version": "1.9.1",
            "id": "cask:shottr",
            "installed_version": "1.9.1",
            "name": "shottr",
            "package_type": "cask",
            "pinned": false,
            "tap": null,
            "version": "latest",
            "zap": false
          },
          "sensitive_attributes": [],
          "identity_schema_version": 0
        }
      ]
    },
    {
      "mode": "managed",
      "type": "host_package_brew",
      "name": "starship",
      "provider": "provider[\"registry.terraform.io/dongho-jung/host\"]",
      "instances": [
        {
          "schema_version": 0,
          "attributes": {
            "autoremove": true,
            "candidate_version": "1.26.0",
            "id": "formula:starship",
            "installed_version": "1.26.0",
            "name": "starship",
            "package_type": "formula",
            "pinned": false,
            "tap": null,
            "version": "latest",
            "zap": false
          },
          "sensitive_attributes": [],
          "identity_schema_version": 0
        }
      ]
    },
    {
      "mode": "managed",
      "type": "host_package_brew",
      "name": "temurin",
      "provider": "provider[\"registry.terraform.io/dongho-jung/host\"]",
      "instances": [
        {
          "schema_version": 0,
          "attributes": {
            "autoremove": true,
            "candidate_version": "26.0.1,8",
            "id": "cask:temurin",
            "installed_version": "26.0.1,8",
            "name": "temurin",
            "package_type": "cask",
            "pinned": false,
            "tap": null,
            "version": "latest",
            "zap": false
          },
          "sensitive_attributes": [],
          "identity_schema_version": 0
        }
      ]
    },
    {
      "mode": "managed",
      "type": "host_package_brew",
      "name": "terraform",
      "provider": "provider[\"registry.terraform.io/dongho-jung/host\"]",
      "instances": [
        {
          "schema_version": 0,
          "attributes": {
            "autoremove": true,
            "candidate_version": "1.15.7",
            "id": "formula:hashicorp/tap/terraform",
            "installed_version": "1.15.7",
            "name": "terraform",
            "package_type": "formula",
            "pinned": false,
            "tap": "hashicorp/tap",
            "version": "latest",
            "zap": false
          },
          "sensitive_attributes": [],
          "identity_schema_version": 0
        }
      ]
    },
    {
      "mode": "managed",
      "type": "host_package_brew",
      "name": "terraform_ls",
      "provider": "provider[\"registry.terraform.io/dongho-jung/host\"]",
      "instances": [
        {
          "schema_version": 0,
          "attributes": {
            "autoremove": true,
            "candidate_version": "0.38.7",
            "id": "formula:terraform-ls",
            "installed_version": "0.38.7",
            "name": "terraform-ls",
            "package_type": "formula",
            "pinned": false,
            "tap": null,
            "version": "latest",
            "zap": false
          },
          "sensitive_attributes": [],
          "identity_schema_version": 0
        }
      ]
    },
    {
      "mode": "managed",
      "type": "host_package_brew",
      "name": "utm",
      "provider": "provider[\"registry.terraform.io/dongho-jung/host\"]",
      "instances": [
        {
          "schema_version": 0,
          "attributes": {
            "autoremove": true,
            "candidate_version": "4.7.5",
            "id": "cask:utm",
            "installed_version": "4.7.5",
            "name": "utm",
            "package_type": "cask",
            "pinned": false,
            "tap": null,
            "version": "latest",
            "zap": false
          },
          "sensitive_attributes": [],
          "identity_schema_version": 0
        }
      ]
    },
    {
      "mode": "managed",
      "type": "host_package_brew",
      "name": "uv",
      "provider": "provider[\"registry.terraform.io/dongho-jung/host\"]",
      "instances": [
        {
          "schema_version": 0,
          "attributes": {
            "autoremove": true,
            "candidate_version": "0.11.25",
            "id": "formula:uv",
            "installed_version": "0.11.25",
            "name": "uv",
            "package_type": "formula",
            "pinned": false,
            "tap": null,
            "version": "latest",
            "zap": false
          },
          "sensitive_attributes": [],
          "identity_schema_version": 0
        }
      ]
    },
    {
      "mode": "managed",
      "type": "host_package_brew",
      "name": "vivaldi",
      "provider": "provider[\"registry.terraform.io/dongho-jung/host\"]",
      "instances": [
        {
          "schema_version": 0,
          "attributes": {
            "autoremove": true,
            "candidate_version": "8.0.4033.54",
            "id": "cask:vivaldi",
            "installed_version": "7.9.3970.60",
            "name": "vivaldi",
            "package_type": "cask",
            "pinned": false,
            "tap": null,
            "version": "latest",
            "zap": false
          },
          "sensitive_attributes": [],
          "identity_schema_version": 0
        }
      ]
    },
    {
      "mode": "managed",
      "type": "host_package_brew",
      "name": "yq",
      "provider": "provider[\"registry.terraform.io/dongho-jung/host\"]",
      "instances": [
        {
          "schema_version": 0,
          "attributes": {
            "autoremove": true,
            "candidate_version": "4.53.3",
            "id": "formula:yq",
            "installed_version": "4.53.3",
            "name": "yq",
            "package_type": "formula",
            "pinned": false,
            "tap": null,
            "version": "latest",
            "zap": false
          },
          "sensitive_attributes": [],
          "identity_schema_version": 0
        }
      ]
    },
    {
      "mode": "managed",
      "type": "host_package_brew",
      "name": "yt_dlp",
      "provider": "provider[\"registry.terraform.io/dongho-jung/host\"]",
      "instances": [
        {
          "schema_version": 0,
          "attributes": {
            "autoremove": true,
            "candidate_version": "2026.6.9",
            "id": "formula:yt-dlp",
            "installed_version": "2026.6.9",
            "name": "yt-dlp",
            "package_type": "formula",
            "pinned": false,
            "tap": null,
            "version": "latest",
            "zap": false
          },
          "sensitive_attributes": [],
          "identity_schema_version": 0
        }
      ]
    },
    {
      "mode": "managed",
      "type": "host_package_brew",
      "name": "zed",
      "provider": "provider[\"registry.terraform.io/dongho-jung/host\"]",
      "instances": [
        {
          "schema_version": 0,
          "attributes": {
            "autoremove": true,
            "candidate_version": "1.8.2",
            "id": "cask:zed",
            "installed_version": "1.0.0",
            "name": "zed",
            "package_type": "cask",
            "pinned": false,
            "tap": null,
            "version": "latest",
            "zap": false
          },
          "sensitive_attributes": [],
          "identity_schema_version": 0
        }
      ]
    },
    {
      "mode": "managed",
      "type": "host_package_brew",
      "name": "zoxide",
      "provider": "provider[\"registry.terraform.io/dongho-jung/host\"]",
      "instances": [
        {
          "schema_version": 0,
          "attributes": {
            "autoremove": true,
            "candidate_version": "0.9.9",
            "id": "formula:zoxide",
            "installed_version": "0.9.9",
            "name": "zoxide",
            "package_type": "formula",
            "pinned": false,
            "tap": null,
            "version": "latest",
            "zap": false
          },
          "sensitive_attributes": [],
          "identity_schema_version": 0
        }
      ]
    },
    {
      "mode": "managed",
      "type": "host_package_brew",
      "name": "zsh",
      "provider": "provider[\"registry.terraform.io/dongho-jung/host\"]",
      "instances": [
        {
          "schema_version": 0,
          "attributes": {
            "autoremove": true,
            "candidate_version": "5.9.1",
            "id": "formula:zsh",
            "installed_version": "5.9.1",
            "name": "zsh",
            "package_type": "formula",
            "pinned": false,
            "tap": null,
            "version": "latest",
            "zap": false
          },
          "sensitive_attributes": [],
          "identity_schema_version": 0
        }
      ]
    },
    {
      "mode": "managed",
      "type": "host_schedule",
      "name": "shell_history_git_auto_commit",
      "provider": "provider[\"registry.terraform.io/dongho-jung/host\"]",
      "instances": [
        {
          "schema_version": 0,
          "attributes": {
            "backend": "cron",
            "command": "set -euo pipefail\n\ncd ~/projects/shell-history || exit 1\nexport PATH=\"/opt/homebrew/bin:/usr/local/bin:/usr/bin:/bin:/usr/sbin:/sbin\"\n\nbranch=\"main\"\nremote=\"origin\"\n\ngit fetch \"$remote\" \"$branch\"\nif ! git diff --quiet \"HEAD..$remote/$branch\"; then\n  git pull --rebase --autostash \"$remote\" \"$branch\"\nfi\n\nif [[ -n \"$(git status --porcelain)\" ]]; then\n  git add -A\n  git commit -m \"Auto update: $(date '+%Y-%m-%d %H:%M:%S')\"\n  git push \"$remote\" \"$branch\"\nfi\n",
            "enabled": true,
            "environment": null,
            "every": null,
            "id": "1446d091f0788685",
            "label": null,
            "plist_path": null,
            "run_at_load": false,
            "schedule": "*/30 * * * *",
            "scope": "user",
            "script_path": "/Users/dongho/projects/environments/mac-desktop/.terraform-provider-host/schedules/1446d091f0788685/run.sh",
            "shell": "/bin/zsh",
            "stderr_path": null,
            "stdout_path": null,
            "user": "dongho",
            "working_directory": null
          },
          "sensitive_attributes": [],
          "identity_schema_version": 0
        }
      ]
    },
    {
      "mode": "managed",
      "type": "host_user",
      "name": "dongho",
      "provider": "provider[\"registry.terraform.io/dongho-jung/host\"]",
      "instances": [
        {
          "schema_version": 0,
          "attributes": {
            "create_home": true,
            "full_name": null,
            "gid": "20",
            "groups": [
              "admin"
            ],
            "home": null,
            "id": "dongho",
            "remove_home_on_destroy": false,
            "shell": null,
            "uid": "501",
            "username": "dongho"
          },
          "sensitive_attributes": [],
          "identity_schema_version": 0,
          "dependencies": [
            "data.host_group.admin"
          ]
        }
      ]
    }
  ],
  "check_results": null
}
