{
  "version": 4,
  "terraform_version": "1.15.7",
  "serial": 105,
  "lineage": "5263ea0d-87e5-7080-c9e8-21d70f8822ee",
  "outputs": {},
  "resources": [
    {
      "mode": "managed",
      "type": "host_file",
      "name": "zshrc",
      "provider": "provider[\"registry.terraform.io/dongho-jung/host\"]",
      "instances": [
        {
          "schema_version": 0,
          "attributes": {
            "block": {
              "alias": {
                "content": null,
                "name": "alias",
                "path": "~/.zshrc.preview",
                "priority": 30,
                "render": "clean"
              },
              "environment": {
                "content": null,
                "name": "environment",
                "path": "~/.zshrc.preview",
                "priority": 10,
                "render": "clean"
              },
              "functions": {
                "content": "tmp() {\n  TMP=~/tmp/$(date +%F)\n  if [ \"$#\" -gt 0 ]; then\n    TMP=\"${TMP}-$(echo \"$@\" | tr ' ' '-')\"\n  fi\n  mkdir -p \"$TMP\"\n  cd \"$TMP\"\n}",
                "name": "functions",
                "path": "~/.zshrc.preview",
                "priority": 70,
                "render": "clean"
              },
              "init": {
                "content": null,
                "name": "init",
                "path": "~/.zshrc.preview",
                "priority": 80,
                "render": "clean"
              },
              "keybindings": {
                "content": "bindkey -e\nbindkey '^[[1;3C' forward-word\nbindkey '^[[1;3D' backward-word\nbindkey '^[[1;5C' end-of-line\nbindkey '^[[1;5D' beginning-of-line\nbindkey '^[b' beginning-of-line\nbindkey '^[f' end-of-line",
                "name": "keybindings",
                "path": "~/.zshrc.preview",
                "priority": 50,
                "render": "clean"
              },
              "options": {
                "content": "setopt append_history\nsetopt autopushd\nsetopt extended_glob\nsetopt hist_find_no_dups\nsetopt hist_ignore_all_dups\nsetopt hist_ignore_space\nsetopt hist_reduce_blanks\nsetopt hist_save_no_dups\nsetopt inc_append_history\nsetopt interactive_comments\nsetopt share_history",
                "name": "options",
                "path": "~/.zshrc.preview",
                "priority": 40,
                "render": "clean"
              },
              "path": {
                "content": null,
                "name": "path",
                "path": "~/.zshrc.preview",
                "priority": 20,
                "render": "clean"
              },
              "plugins": {
                "content": null,
                "name": "plugins",
                "path": "~/.zshrc.preview",
                "priority": 60,
                "render": "clean"
              }
            },
            "content": null,
            "id": "~/.zshrc.preview",
            "path": "~/.zshrc.preview",
            "render": "clean"
          },
          "sensitive_attributes": [],
          "identity_schema_version": 0
        }
      ]
    },
    {
      "mode": "managed",
      "type": "host_file_block",
      "name": "alias_tips",
      "provider": "provider[\"registry.terraform.io/dongho-jung/host\"]",
      "instances": [
        {
          "schema_version": 0,
          "attributes": {
            "content": "source ~/.zsh/alias-tips/alias-tips.plugin.zsh",
            "file_block": {
              "name": "plugins",
              "path": "~/.zshrc.preview",
              "render": "clean"
            },
            "id": "hfb-372b0ade43acaff2c5e5af63bd061d9f",
            "priority": 20
          },
          "sensitive_attributes": [],
          "identity_schema_version": 0,
          "dependencies": [
            "host_file.zshrc"
          ]
        }
      ]
    },
    {
      "mode": "managed",
      "type": "host_file_block",
      "name": "android_studio_path",
      "provider": "provider[\"registry.terraform.io/dongho-jung/host\"]",
      "instances": [
        {
          "schema_version": 0,
          "attributes": {
            "content": "export PATH=\"$PATH:$HOME/Library/Android/sdk/platform-tools/\"",
            "file_block": {
              "name": "path",
              "path": "~/.zshrc.preview",
              "render": "clean"
            },
            "id": "hfb-34e151cddad54a2f512f8fb8aff79643",
            "priority": 10
          },
          "sensitive_attributes": [],
          "identity_schema_version": 0,
          "dependencies": [
            "host_file.zshrc"
          ]
        }
      ]
    },
    {
      "mode": "managed",
      "type": "host_file_block",
      "name": "bat_aliases",
      "provider": "provider[\"registry.terraform.io/dongho-jung/host\"]",
      "instances": [
        {
          "schema_version": 0,
          "attributes": {
            "content": "alias cat='bat'",
            "file_block": {
              "name": "alias",
              "path": "~/.zshrc.preview",
              "render": "clean"
            },
            "id": "hfb-7880ed0d1753a645b3394393aa800831",
            "priority": 50
          },
          "sensitive_attributes": [],
          "identity_schema_version": 0,
          "dependencies": [
            "host_file.zshrc"
          ]
        }
      ]
    },
    {
      "mode": "managed",
      "type": "host_file_block",
      "name": "claude_aliases",
      "provider": "provider[\"registry.terraform.io/dongho-jung/host\"]",
      "instances": [
        {
          "schema_version": 0,
          "attributes": {
            "content": "alias c='IS_DEMO=1 claude --ide --chrome --allow-dangerously-skip-permissions --effort max --permission-mode bypassPermissions'",
            "file_block": {
              "name": "alias",
              "path": "~/.zshrc.preview",
              "render": "clean"
            },
            "id": "hfb-b967d08929de7fce8a82dd4f0d44bc95",
            "priority": 10
          },
          "sensitive_attributes": [],
          "identity_schema_version": 0,
          "dependencies": [
            "host_file.zshrc"
          ]
        }
      ]
    },
    {
      "mode": "managed",
      "type": "host_file_block",
      "name": "codex_aliases",
      "provider": "provider[\"registry.terraform.io/dongho-jung/host\"]",
      "instances": [
        {
          "schema_version": 0,
          "attributes": {
            "content": "alias o='codex --dangerously-bypass-approvals-and-sandbox'",
            "file_block": {
              "name": "alias",
              "path": "~/.zshrc.preview",
              "render": "clean"
            },
            "id": "hfb-1447ed6aabdd417a9d345a40c00d9918",
            "priority": 20
          },
          "sensitive_attributes": [],
          "identity_schema_version": 0,
          "dependencies": [
            "host_file.zshrc"
          ]
        }
      ]
    },
    {
      "mode": "managed",
      "type": "host_file_block",
      "name": "eza_aliases",
      "provider": "provider[\"registry.terraform.io/dongho-jung/host\"]",
      "instances": [
        {
          "schema_version": 0,
          "attributes": {
            "content": "alias ls='eza' l='eza -lbF --git' ll='eza -la --git' tree='eza --tree --git' ltree='tree -l'",
            "file_block": {
              "name": "alias",
              "path": "~/.zshrc.preview",
              "render": "clean"
            },
            "id": "hfb-b19e1335c61f127b741d2fd6e5c6f236",
            "priority": 40
          },
          "sensitive_attributes": [],
          "identity_schema_version": 0,
          "dependencies": [
            "host_file.zshrc"
          ]
        }
      ]
    },
    {
      "mode": "managed",
      "type": "host_file_block",
      "name": "fzf_environment",
      "provider": "provider[\"registry.terraform.io/dongho-jung/host\"]",
      "instances": [
        {
          "schema_version": 0,
          "attributes": {
            "content": "export FZF_CTRL_R_OPTS=\"--scheme=history\"",
            "file_block": {
              "name": "environment",
              "path": "~/.zshrc.preview",
              "render": "clean"
            },
            "id": "hfb-f2975edbbda90988d6f36e3c96720e09",
            "priority": 20
          },
          "sensitive_attributes": [],
          "identity_schema_version": 0,
          "dependencies": [
            "host_file.zshrc"
          ]
        }
      ]
    },
    {
      "mode": "managed",
      "type": "host_file_block",
      "name": "fzf_plugin",
      "provider": "provider[\"registry.terraform.io/dongho-jung/host\"]",
      "instances": [
        {
          "schema_version": 0,
          "attributes": {
            "content": "source \u003c(fzf --zsh)",
            "file_block": {
              "name": "plugins",
              "path": "~/.zshrc.preview",
              "render": "clean"
            },
            "id": "hfb-469b890046b4c0a8f0d12744832126fe",
            "priority": 10
          },
          "sensitive_attributes": [],
          "identity_schema_version": 0,
          "dependencies": [
            "host_file.zshrc"
          ]
        }
      ]
    },
    {
      "mode": "managed",
      "type": "host_file_block",
      "name": "neovim_aliases",
      "provider": "provider[\"registry.terraform.io/dongho-jung/host\"]",
      "instances": [
        {
          "schema_version": 0,
          "attributes": {
            "content": "alias vi=\"nvim\" vim=\"vi\"",
            "file_block": {
              "name": "alias",
              "path": "~/.zshrc.preview",
              "render": "clean"
            },
            "id": "hfb-4c5f21bc9c84e9a88cfed6f68319a66c",
            "priority": 60
          },
          "sensitive_attributes": [],
          "identity_schema_version": 0,
          "dependencies": [
            "host_file.zshrc"
          ]
        }
      ]
    },
    {
      "mode": "managed",
      "type": "host_file_block",
      "name": "neovim_environment",
      "provider": "provider[\"registry.terraform.io/dongho-jung/host\"]",
      "instances": [
        {
          "schema_version": 0,
          "attributes": {
            "content": "export EDITOR=nvim",
            "file_block": {
              "name": "environment",
              "path": "~/.zshrc.preview",
              "render": "clean"
            },
            "id": "hfb-add5b9209bf73b32e49c335a63f914d4",
            "priority": 10
          },
          "sensitive_attributes": [],
          "identity_schema_version": 0,
          "dependencies": [
            "host_file.zshrc"
          ]
        }
      ]
    },
    {
      "mode": "managed",
      "type": "host_file_block",
      "name": "rust_path",
      "provider": "provider[\"registry.terraform.io/dongho-jung/host\"]",
      "instances": [
        {
          "schema_version": 0,
          "attributes": {
            "content": "export PATH=\"$PATH:$HOME/.cargo/bin\"",
            "file_block": {
              "name": "path",
              "path": "~/.zshrc.preview",
              "render": "clean"
            },
            "id": "hfb-2ec2d7bd45675971c835777d06a1cad0",
            "priority": 20
          },
          "sensitive_attributes": [],
          "identity_schema_version": 0,
          "dependencies": [
            "host_file.zshrc"
          ]
        }
      ]
    },
    {
      "mode": "managed",
      "type": "host_file_block",
      "name": "starship_init",
      "provider": "provider[\"registry.terraform.io/dongho-jung/host\"]",
      "instances": [
        {
          "schema_version": 0,
          "attributes": {
            "content": "eval \"$(starship init zsh)\"",
            "file_block": {
              "name": "init",
              "path": "~/.zshrc.preview",
              "render": "clean"
            },
            "id": "hfb-6849d086da1b26a479b3249f0464063f",
            "priority": 10
          },
          "sensitive_attributes": [],
          "identity_schema_version": 0,
          "dependencies": [
            "host_file.zshrc"
          ]
        }
      ]
    },
    {
      "mode": "managed",
      "type": "host_file_block",
      "name": "zoxide_init",
      "provider": "provider[\"registry.terraform.io/dongho-jung/host\"]",
      "instances": [
        {
          "schema_version": 0,
          "attributes": {
            "content": "eval \"$(zoxide init zsh)\"",
            "file_block": {
              "name": "init",
              "path": "~/.zshrc.preview",
              "render": "clean"
            },
            "id": "hfb-13a288b5b1289f9239a262c4c09288aa",
            "priority": 20
          },
          "sensitive_attributes": [],
          "identity_schema_version": 0,
          "dependencies": [
            "host_file.zshrc"
          ]
        }
      ]
    },
    {
      "mode": "managed",
      "type": "host_file_block",
      "name": "zsh_clipboard_aliases",
      "provider": "provider[\"registry.terraform.io/dongho-jung/host\"]",
      "instances": [
        {
          "schema_version": 0,
          "attributes": {
            "content": "alias y='pbcopy' p='pbpaste'",
            "file_block": {
              "name": "alias",
              "path": "~/.zshrc.preview",
              "render": "clean"
            },
            "id": "hfb-fb081a6f7585676b7d63e5c45e70fec6",
            "priority": 70
          },
          "sensitive_attributes": [],
          "identity_schema_version": 0,
          "dependencies": [
            "host_file.zshrc"
          ]
        }
      ]
    },
    {
      "mode": "managed",
      "type": "host_file_block",
      "name": "zsh_environment",
      "provider": "provider[\"registry.terraform.io/dongho-jung/host\"]",
      "instances": [
        {
          "schema_version": 0,
          "attributes": {
            "content": "export LESSHISTFILE=/dev/null\nexport WORDCHARS=\"\"\nexport LANG=\"en_US.UTF-8\"\nexport LC_ALL=\"en_US.UTF-8\"\nexport HISTFILE=\"$HOME/projects/shell-history/mac-desktop\"\nexport HISTSIZE=1000000000\nexport SAVEHIST=1000000000",
            "file_block": {
              "name": "environment",
              "path": "~/.zshrc.preview",
              "render": "clean"
            },
            "id": "hfb-8db9fdac67f3da0a4b4ffc9947b96ef9",
            "priority": 30
          },
          "sensitive_attributes": [],
          "identity_schema_version": 0,
          "dependencies": [
            "host_file.zshrc"
          ]
        }
      ]
    },
    {
      "mode": "managed",
      "type": "host_file_block",
      "name": "zsh_git_aliases",
      "provider": "provider[\"registry.terraform.io/dongho-jung/host\"]",
      "instances": [
        {
          "schema_version": 0,
          "attributes": {
            "content": "alias ga='git add' gc='git commit -v' gl='git pull' gp='git push' gg='lazygit' gst='git status' gco='git checkout'",
            "file_block": {
              "name": "alias",
              "path": "~/.zshrc.preview",
              "render": "clean"
            },
            "id": "hfb-9df63db9938ba20662cfb71d01d6f939",
            "priority": 30
          },
          "sensitive_attributes": [],
          "identity_schema_version": 0,
          "dependencies": [
            "host_file.zshrc"
          ]
        }
      ]
    },
    {
      "mode": "managed",
      "type": "host_file_block",
      "name": "zsh_git_more_aliases",
      "provider": "provider[\"registry.terraform.io/dongho-jung/host\"]",
      "instances": [
        {
          "schema_version": 0,
          "attributes": {
            "content": "alias gr='git restore' grs='git restore --staged' gd='git diff' gds='git diff --staged' glog='git log --all --decorate --oneline --graph'",
            "file_block": {
              "name": "alias",
              "path": "~/.zshrc.preview",
              "render": "clean"
            },
            "id": "hfb-8247963e1a0cd6d3914b4b15f212cad3",
            "priority": 31
          },
          "sensitive_attributes": [],
          "identity_schema_version": 0,
          "dependencies": [
            "host_file.zshrc"
          ]
        }
      ]
    },
    {
      "mode": "managed",
      "type": "host_file_block",
      "name": "zsh_global_aliases",
      "provider": "provider[\"registry.terraform.io/dongho-jung/host\"]",
      "instances": [
        {
          "schema_version": 0,
          "attributes": {
            "content": "alias -g ...='../..'\nalias -g ....='../../..'",
            "file_block": {
              "name": "alias",
              "path": "~/.zshrc.preview",
              "render": "clean"
            },
            "id": "hfb-4e1a685d5f8654f3bd1bc358b85cb261",
            "priority": 90
          },
          "sensitive_attributes": [],
          "identity_schema_version": 0,
          "dependencies": [
            "host_file.zshrc"
          ]
        }
      ]
    },
    {
      "mode": "managed",
      "type": "host_file_block",
      "name": "zsh_misc_aliases",
      "provider": "provider[\"registry.terraform.io/dongho-jung/host\"]",
      "instances": [
        {
          "schema_version": 0,
          "attributes": {
            "content": "alias rr='source ~/.zshrc'\nalias rm='echo \"rm is disabled. use `trash` command instead.\"'",
            "file_block": {
              "name": "alias",
              "path": "~/.zshrc.preview",
              "render": "clean"
            },
            "id": "hfb-2fcc715059e6bf7bfeefd16b8a588445",
            "priority": 80
          },
          "sensitive_attributes": [],
          "identity_schema_version": 0,
          "dependencies": [
            "host_file.zshrc"
          ]
        }
      ]
    },
    {
      "mode": "managed",
      "type": "host_package_brew",
      "name": "android_studio",
      "provider": "provider[\"registry.terraform.io/dongho-jung/host\"]",
      "instances": [
        {
          "schema_version": 0,
          "attributes": {
            "autoremove": true,
            "candidate_version": "2026.1.1.10,quail1-patch2",
            "id": "cask:android-studio",
            "installed_version": "2025.3.4.6,panda4",
            "name": "android-studio",
            "package_type": "cask",
            "pinned": false,
            "tap": null,
            "version": "latest",
            "zap": false
          },
          "sensitive_attributes": [],
          "identity_schema_version": 0
        }
      ]
    },
    {
      "mode": "managed",
      "type": "host_package_brew",
      "name": "bat",
      "provider": "provider[\"registry.terraform.io/dongho-jung/host\"]",
      "instances": [
        {
          "schema_version": 0,
          "attributes": {
            "autoremove": true,
            "candidate_version": "0.26.1",
            "id": "formula:bat",
            "installed_version": "0.26.1",
            "name": "bat",
            "package_type": "formula",
            "pinned": false,
            "tap": null,
            "version": "latest",
            "zap": false
          },
          "sensitive_attributes": [],
          "identity_schema_version": 0
        }
      ]
    },
    {
      "mode": "managed",
      "type": "host_package_brew",
      "name": "bettertouchtool",
      "provider": "provider[\"registry.terraform.io/dongho-jung/host\"]",
      "instances": [
        {
          "schema_version": 0,
          "attributes": {
            "autoremove": true,
            "candidate_version": "6.609,2026062603",
            "id": "cask:bettertouchtool",
            "installed_version": "6.609,2026062603",
            "name": "bettertouchtool",
            "package_type": "cask",
            "pinned": false,
            "tap": null,
            "version": "latest",
            "zap": false
          },
          "sensitive_attributes": [],
          "identity_schema_version": 0
        }
      ]
    },
    {
      "mode": "managed",
      "type": "host_package_brew",
      "name": "blackhole_2ch",
      "provider": "provider[\"registry.terraform.io/dongho-jung/host\"]",
      "instances": [
        {
          "schema_version": 0,
          "attributes": {
            "autoremove": true,
            "candidate_version": "0.7.0",
            "id": "cask:blackhole-2ch",
            "installed_version": "0.7.0",
            "name": "blackhole-2ch",
            "package_type": "cask",
            "pinned": false,
            "tap": null,
            "version": "latest",
            "zap": false
          },
          "sensitive_attributes": [],
          "identity_schema_version": 0
        }
      ]
    },
    {
      "mode": "managed",
      "type": "host_package_brew",
      "name": "claude",
      "provider": "provider[\"registry.terraform.io/dongho-jung/host\"]",
      "instances": [
        {
          "schema_version": 0,
          "attributes": {
            "autoremove": true,
            "candidate_version": "1.15962.1,1e236d9fa9efd21a5a0a66a7b70c028f48848604",
            "id": "cask:claude",
            "installed_version": "1.15962.1,1e236d9fa9efd21a5a0a66a7b70c028f48848604",
            "name": "claude",
            "package_type": "cask",
            "pinned": false,
            "tap": null,
            "version": "latest",
            "zap": false
          },
          "sensitive_attributes": [],
          "identity_schema_version": 0
        }
      ]
    },
    {
      "mode": "managed",
      "type": "host_package_brew",
      "name": "claude_code",
      "provider": "provider[\"registry.terraform.io/dongho-jung/host\"]",
      "instances": [
        {
          "schema_version": 0,
          "attributes": {
            "autoremove": true,
            "candidate_version": "2.1.181",
            "id": "cask:claude-code",
            "installed_version": "2.1.181",
            "name": "claude-code",
            "package_type": "cask",
            "pinned": false,
            "tap": null,
            "version": "latest",
            "zap": false
          },
          "sensitive_attributes": [],
          "identity_schema_version": 0
        }
      ]
    },
    {
      "mode": "managed",
      "type": "host_package_brew",
      "name": "codex",
      "provider": "provider[\"registry.terraform.io/dongho-jung/host\"]",
      "instances": [
        {
          "schema_version": 0,
          "attributes": {
            "autoremove": true,
            "candidate_version": "0.142.4",
            "id": "cask:codex",
            "installed_version": "0.142.4",
            "name": "codex",
            "package_type": "cask",
            "pinned": false,
            "tap": null,
            "version": "latest",
            "zap": false
          },
          "sensitive_attributes": [],
          "identity_schema_version": 0
        }
      ]
    },
    {
      "mode": "managed",
      "type": "host_package_brew",
      "name": "codex_app",
      "provider": "provider[\"registry.terraform.io/dongho-jung/host\"]",
      "instances": [
        {
          "schema_version": 0,
          "attributes": {
            "autoremove": true,
            "candidate_version": "26.623.61825",
            "id": "cask:codex-app",
            "installed_version": "26.623.61825",
            "name": "codex-app",
            "package_type": "cask",
            "pinned": false,
            "tap": null,
            "version": "latest",
            "zap": false
          },
          "sensitive_attributes": [],
          "identity_schema_version": 0
        }
      ]
    },
    {
      "mode": "managed",
      "type": "host_package_brew",
      "name": "docker_desktop",
      "provider": "provider[\"registry.terraform.io/dongho-jung/host\"]",
      "instances": [
        {
          "schema_version": 0,
          "attributes": {
            "autoremove": true,
            "candidate_version": "4.80.0,232116",
            "id": "cask:docker-desktop",
            "installed_version": "4.80.0,232116",
            "name": "docker-desktop",
            "package_type": "cask",
            "pinned": false,
            "tap": null,
            "version": "latest",
            "zap": false
          },
          "sensitive_attributes": [],
          "identity_schema_version": 0
        }
      ]
    },
    {
      "mode": "managed",
      "type": "host_package_brew",
      "name": "eza",
      "provider": "provider[\"registry.terraform.io/dongho-jung/host\"]",
      "instances": [
        {
          "schema_version": 0,
          "attributes": {
            "autoremove": true,
            "candidate_version": "0.23.4",
            "id": "formula:eza",
            "installed_version": "0.23.4",
            "name": "eza",
            "package_type": "formula",
            "pinned": false,
            "tap": null,
            "version": "latest",
            "zap": false
          },
          "sensitive_attributes": [],
          "identity_schema_version": 0
        }
      ]
    },
    {
      "mode": "managed",
      "type": "host_package_brew",
      "name": "font_inconsolata_nerd_font",
      "provider": "provider[\"registry.terraform.io/dongho-jung/host\"]",
      "instances": [
        {
          "schema_version": 0,
          "attributes": {
            "autoremove": true,
            "candidate_version": "3.4.0",
            "id": "cask:font-inconsolata-nerd-font",
            "installed_version": "3.4.0",
            "name": "font-inconsolata-nerd-font",
            "package_type": "cask",
            "pinned": false,
            "tap": null,
            "version": "latest",
            "zap": false
          },
          "sensitive_attributes": [],
          "identity_schema_version": 0
        }
      ]
    },
    {
      "mode": "managed",
      "type": "host_package_brew",
      "name": "fzf",
      "provider": "provider[\"registry.terraform.io/dongho-jung/host\"]",
      "instances": [
        {
          "schema_version": 0,
          "attributes": {
            "autoremove": true,
            "candidate_version": "0.73.1",
            "id": "formula:fzf",
            "installed_version": "0.73.1",
            "name": "fzf",
            "package_type": "formula",
            "pinned": false,
            "tap": null,
            "version": "latest",
            "zap": false
          },
          "sensitive_attributes": [],
          "identity_schema_version": 0
        }
      ]
    },
    {
      "mode": "managed",
      "type": "host_package_brew",
      "name": "gh",
      "provider": "provider[\"registry.terraform.io/dongho-jung/host\"]",
      "instances": [
        {
          "schema_version": 0,
          "attributes": {
            "autoremove": true,
            "candidate_version": "2.95.0",
            "id": "formula:gh",
            "installed_version": "2.95.0",
            "name": "gh",
            "package_type": "formula",
            "pinned": false,
            "tap": null,
            "version": "latest",
            "zap": false
          },
          "sensitive_attributes": [],
          "identity_schema_version": 0
        }
      ]
    },
    {
      "mode": "managed",
      "type": "host_package_brew",
      "name": "godot",
      "provider": "provider[\"registry.terraform.io/dongho-jung/host\"]",
      "instances": [
        {
          "schema_version": 0,
          "attributes": {
            "autoremove": true,
            "candidate_version": "4.7",
            "id": "cask:godot",
            "installed_version": "4.7",
            "name": "godot",
            "package_type": "cask",
            "pinned": false,
            "tap": null,
            "version": "latest",
            "zap": false
          },
          "sensitive_attributes": [],
          "identity_schema_version": 0
        }
      ]
    },
    {
      "mode": "managed",
      "type": "host_package_brew",
      "name": "google_chrome",
      "provider": "provider[\"registry.terraform.io/dongho-jung/host\"]",
      "instances": [
        {
          "schema_version": 0,
          "attributes": {
            "autoremove": true,
            "candidate_version": "149.0.7827.201",
            "id": "cask:google-chrome",
            "installed_version": "149.0.7827.201",
            "name": "google-chrome",
            "package_type": "cask",
            "pinned": false,
            "tap": null,
            "version": "latest",
            "zap": false
          },
          "sensitive_attributes": [],
          "identity_schema_version": 0
        }
      ]
    },
    {
      "mode": "managed",
      "type": "host_package_brew",
      "name": "gradle",
      "provider": "provider[\"registry.terraform.io/dongho-jung/host\"]",
      "instances": [
        {
          "schema_version": 0,
          "attributes": {
            "autoremove": true,
            "candidate_version": "9.6.1",
            "id": "formula:gradle",
            "installed_version": "9.6.1",
            "name": "gradle",
            "package_type": "formula",
            "pinned": false,
            "tap": null,
            "version": "latest",
            "zap": false
          },
          "sensitive_attributes": [],
          "identity_schema_version": 0
        }
      ]
    },
    {
      "mode": "managed",
      "type": "host_package_brew",
      "name": "hammerspoon",
      "provider": "provider[\"registry.terraform.io/dongho-jung/host\"]",
      "instances": [
        {
          "schema_version": 0,
          "attributes": {
            "autoremove": true,
            "candidate_version": "1.1.1",
            "id": "cask:hammerspoon",
            "installed_version": "1.1.1",
            "name": "hammerspoon",
            "package_type": "cask",
            "pinned": false,
            "tap": null,
            "version": "latest",
            "zap": false
          },
          "sensitive_attributes": [],
          "identity_schema_version": 0
        }
      ]
    },
    {
      "mode": "managed",
      "type": "host_package_brew",
      "name": "hiddenbar",
      "provider": "provider[\"registry.terraform.io/dongho-jung/host\"]",
      "instances": [
        {
          "schema_version": 0,
          "attributes": {
            "autoremove": true,
            "candidate_version": "1.10",
            "id": "cask:hiddenbar",
            "installed_version": "1.10",
            "name": "hiddenbar",
            "package_type": "cask",
            "pinned": false,
            "tap": null,
            "version": "latest",
            "zap": false
          },
          "sensitive_attributes": [],
          "identity_schema_version": 0
        }
      ]
    },
    {
      "mode": "managed",
      "type": "host_package_brew",
      "name": "iina",
      "provider": "provider[\"registry.terraform.io/dongho-jung/host\"]",
      "instances": [
        {
          "schema_version": 0,
          "attributes": {
            "autoremove": true,
            "candidate_version": "1.4.4",
            "id": "cask:iina",
            "installed_version": "1.4.4",
            "name": "iina",
            "package_type": "cask",
            "pinned": false,
            "tap": null,
            "version": "latest",
            "zap": false
          },
          "sensitive_attributes": [],
          "identity_schema_version": 0
        }
      ]
    },
    {
      "mode": "managed",
      "type": "host_package_brew",
      "name": "iterm2",
      "provider": "provider[\"registry.terraform.io/dongho-jung/host\"]",
      "instances": [
        {
          "schema_version": 0,
          "attributes": {
            "autoremove": true,
            "candidate_version": "3.6.11",
            "id": "cask:iterm2",
            "installed_version": "3.6.11",
            "name": "iterm2",
            "package_type": "cask",
            "pinned": false,
            "tap": null,
            "version": "latest",
            "zap": false
          },
          "sensitive_attributes": [],
          "identity_schema_version": 0
        }
      ]
    },
    {
      "mode": "managed",
      "type": "host_package_brew",
      "name": "itsycal",
      "provider": "provider[\"registry.terraform.io/dongho-jung/host\"]",
      "instances": [
        {
          "schema_version": 0,
          "attributes": {
            "autoremove": true,
            "candidate_version": "0.15.12",
            "id": "cask:itsycal",
            "installed_version": "0.15.12",
            "name": "itsycal",
            "package_type": "cask",
            "pinned": false,
            "tap": null,
            "version": "latest",
            "zap": false
          },
          "sensitive_attributes": [],
          "identity_schema_version": 0
        }
      ]
    },
    {
      "mode": "managed",
      "type": "host_package_brew",
      "name": "karabiner_elements",
      "provider": "provider[\"registry.terraform.io/dongho-jung/host\"]",
      "instances": [
        {
          "schema_version": 0,
          "attributes": {
            "autoremove": true,
            "candidate_version": "16.0.0",
            "id": "cask:karabiner-elements",
            "installed_version": "15.9.0",
            "name": "karabiner-elements",
            "package_type": "cask",
            "pinned": false,
            "tap": null,
            "version": "latest",
            "zap": false
          },
          "sensitive_attributes": [],
          "identity_schema_version": 0
        }
      ]
    },
    {
      "mode": "managed",
      "type": "host_package_brew",
      "name": "keycastr",
      "provider": "provider[\"registry.terraform.io/dongho-jung/host\"]",
      "instances": [
        {
          "schema_version": 0,
          "attributes": {
            "autoremove": true,
            "candidate_version": "0.10.5",
            "id": "cask:keycastr",
            "installed_version": "0.10.5",
            "name": "keycastr",
            "package_type": "cask",
            "pinned": false,
            "tap": null,
            "version": "latest",
            "zap": false
          },
          "sensitive_attributes": [],
          "identity_schema_version": 0
        }
      ]
    },
    {
      "mode": "managed",
      "type": "host_package_brew",
      "name": "neovim",
      "provider": "provider[\"registry.terraform.io/dongho-jung/host\"]",
      "instances": [
        {
          "schema_version": 0,
          "attributes": {
            "autoremove": true,
            "candidate_version": "0.12.3",
            "id": "formula:neovim",
            "installed_version": "0.12.3",
            "name": "neovim",
            "package_type": "formula",
            "pinned": false,
            "tap": null,
            "version": "latest",
            "zap": false
          },
          "sensitive_attributes": [],
          "identity_schema_version": 0
        }
      ]
    },
    {
      "mode": "managed",
      "type": "host_package_brew",
      "name": "obsidian",
      "provider": "provider[\"registry.terraform.io/dongho-jung/host\"]",
      "instances": [
        {
          "schema_version": 0,
          "attributes": {
            "autoremove": true,
            "candidate_version": "1.12.7",
            "id": "cask:obsidian",
            "installed_version": "1.12.7",
            "name": "obsidian",
            "package_type": "cask",
            "pinned": false,
            "tap": null,
            "version": "latest",
            "zap": false
          },
          "sensitive_attributes": [],
          "identity_schema_version": 0
        }
      ]
    },
    {
      "mode": "managed",
      "type": "host_package_brew",
      "name": "onepassword",
      "provider": "provider[\"registry.terraform.io/dongho-jung/host\"]",
      "instances": [
        {
          "schema_version": 0,
          "attributes": {
            "autoremove": true,
            "candidate_version": "8.12.24",
            "id": "cask:1password",
            "installed_version": "8.12.21",
            "name": "1password",
            "package_type": "cask",
            "pinned": false,
            "tap": null,
            "version": "latest",
            "zap": false
          },
          "sensitive_attributes": [],
          "identity_schema_version": 0
        }
      ]
    },
    {
      "mode": "managed",
      "type": "host_package_brew",
      "name": "rust",
      "provider": "provider[\"registry.terraform.io/dongho-jung/host\"]",
      "instances": [
        {
          "schema_version": 0,
          "attributes": {
            "autoremove": true,
            "candidate_version": "1.96.0",
            "id": "formula:rust",
            "installed_version": "1.96.0",
            "name": "rust",
            "package_type": "formula",
            "pinned": false,
            "tap": null,
            "version": "latest",
            "zap": false
          },
          "sensitive_attributes": [],
          "identity_schema_version": 0
        }
      ]
    },
    {
      "mode": "managed",
      "type": "host_package_brew",
      "name": "scrcpy",
      "provider": "provider[\"registry.terraform.io/dongho-jung/host\"]",
      "instances": [
        {
          "schema_version": 0,
          "attributes": {
            "autoremove": true,
            "candidate_version": "4.0",
            "id": "formula:scrcpy",
            "installed_version": "4.0",
            "name": "scrcpy",
            "package_type": "formula",
            "pinned": false,
            "tap": null,
            "version": "latest",
            "zap": false
          },
          "sensitive_attributes": [],
          "identity_schema_version": 0
        }
      ]
    },
    {
      "mode": "managed",
      "type": "host_package_brew",
      "name": "shottr",
      "provider": "provider[\"registry.terraform.io/dongho-jung/host\"]",
      "instances": [
        {
          "schema_version": 0,
          "attributes": {
            "autoremove": true,
            "candidate_version": "1.9.1",
            "id": "cask:shottr",
            "installed_version": "1.9.1",
            "name": "shottr",
            "package_type": "cask",
            "pinned": false,
            "tap": null,
            "version": "latest",
            "zap": false
          },
          "sensitive_attributes": [],
          "identity_schema_version": 0
        }
      ]
    },
    {
      "mode": "managed",
      "type": "host_package_brew",
      "name": "starship",
      "provider": "provider[\"registry.terraform.io/dongho-jung/host\"]",
      "instances": [
        {
          "schema_version": 0,
          "attributes": {
            "autoremove": true,
            "candidate_version": "1.26.0",
            "id": "formula:starship",
            "installed_version": "1.26.0",
            "name": "starship",
            "package_type": "formula",
            "pinned": false,
            "tap": null,
            "version": "latest",
            "zap": false
          },
          "sensitive_attributes": [],
          "identity_schema_version": 0
        }
      ]
    },
    {
      "mode": "managed",
      "type": "host_package_brew",
      "name": "temurin",
      "provider": "provider[\"registry.terraform.io/dongho-jung/host\"]",
      "instances": [
        {
          "schema_version": 0,
          "attributes": {
            "autoremove": true,
            "candidate_version": "26.0.1,8",
            "id": "cask:temurin",
            "installed_version": "26.0.1,8",
            "name": "temurin",
            "package_type": "cask",
            "pinned": false,
            "tap": null,
            "version": "latest",
            "zap": false
          },
          "sensitive_attributes": [],
          "identity_schema_version": 0
        }
      ]
    },
    {
      "mode": "managed",
      "type": "host_package_brew",
      "name": "terraform",
      "provider": "provider[\"registry.terraform.io/dongho-jung/host\"]",
      "instances": [
        {
          "schema_version": 0,
          "attributes": {
            "autoremove": true,
            "candidate_version": "1.15.7",
            "id": "formula:hashicorp/tap/terraform",
            "installed_version": "1.15.7",
            "name": "terraform",
            "package_type": "formula",
            "pinned": false,
            "tap": "hashicorp/tap",
            "version": "latest",
            "zap": false
          },
          "sensitive_attributes": [],
          "identity_schema_version": 0
        }
      ]
    },
    {
      "mode": "managed",
      "type": "host_package_brew",
      "name": "utm",
      "provider": "provider[\"registry.terraform.io/dongho-jung/host\"]",
      "instances": [
        {
          "schema_version": 0,
          "attributes": {
            "autoremove": true,
            "candidate_version": "4.7.5",
            "id": "cask:utm",
            "installed_version": "4.7.5",
            "name": "utm",
            "package_type": "cask",
            "pinned": false,
            "tap": null,
            "version": "latest",
            "zap": false
          },
          "sensitive_attributes": [],
          "identity_schema_version": 0
        }
      ]
    },
    {
      "mode": "managed",
      "type": "host_package_brew",
      "name": "uv",
      "provider": "provider[\"registry.terraform.io/dongho-jung/host\"]",
      "instances": [
        {
          "schema_version": 0,
          "attributes": {
            "autoremove": true,
            "candidate_version": "0.11.25",
            "id": "formula:uv",
            "installed_version": "0.11.25",
            "name": "uv",
            "package_type": "formula",
            "pinned": false,
            "tap": null,
            "version": "latest",
            "zap": false
          },
          "sensitive_attributes": [],
          "identity_schema_version": 0
        }
      ]
    },
    {
      "mode": "managed",
      "type": "host_package_brew",
      "name": "vivaldi",
      "provider": "provider[\"registry.terraform.io/dongho-jung/host\"]",
      "instances": [
        {
          "schema_version": 0,
          "attributes": {
            "autoremove": true,
            "candidate_version": "8.0.4033.54",
            "id": "cask:vivaldi",
            "installed_version": "7.9.3970.60",
            "name": "vivaldi",
            "package_type": "cask",
            "pinned": false,
            "tap": null,
            "version": "latest",
            "zap": false
          },
          "sensitive_attributes": [],
          "identity_schema_version": 0
        }
      ]
    },
    {
      "mode": "managed",
      "type": "host_package_brew",
      "name": "yq",
      "provider": "provider[\"registry.terraform.io/dongho-jung/host\"]",
      "instances": [
        {
          "schema_version": 0,
          "attributes": {
            "autoremove": true,
            "candidate_version": "4.53.3",
            "id": "formula:yq",
            "installed_version": "4.53.3",
            "name": "yq",
            "package_type": "formula",
            "pinned": false,
            "tap": null,
            "version": "latest",
            "zap": false
          },
          "sensitive_attributes": [],
          "identity_schema_version": 0
        }
      ]
    },
    {
      "mode": "managed",
      "type": "host_package_brew",
      "name": "yt_dlp",
      "provider": "provider[\"registry.terraform.io/dongho-jung/host\"]",
      "instances": [
        {
          "schema_version": 0,
          "attributes": {
            "autoremove": true,
            "candidate_version": "2026.6.9",
            "id": "formula:yt-dlp",
            "installed_version": "2026.6.9",
            "name": "yt-dlp",
            "package_type": "formula",
            "pinned": false,
            "tap": null,
            "version": "latest",
            "zap": false
          },
          "sensitive_attributes": [],
          "identity_schema_version": 0
        }
      ]
    },
    {
      "mode": "managed",
      "type": "host_package_brew",
      "name": "zed",
      "provider": "provider[\"registry.terraform.io/dongho-jung/host\"]",
      "instances": [
        {
          "schema_version": 0,
          "attributes": {
            "autoremove": true,
            "candidate_version": "1.8.2",
            "id": "cask:zed",
            "installed_version": "1.0.0",
            "name": "zed",
            "package_type": "cask",
            "pinned": false,
            "tap": null,
            "version": "latest",
            "zap": false
          },
          "sensitive_attributes": [],
          "identity_schema_version": 0
        }
      ]
    },
    {
      "mode": "managed",
      "type": "host_package_brew",
      "name": "zoxide",
      "provider": "provider[\"registry.terraform.io/dongho-jung/host\"]",
      "instances": [
        {
          "schema_version": 0,
          "attributes": {
            "autoremove": true,
            "candidate_version": "0.9.9",
            "id": "formula:zoxide",
            "installed_version": "0.9.9",
            "name": "zoxide",
            "package_type": "formula",
            "pinned": false,
            "tap": null,
            "version": "latest",
            "zap": false
          },
          "sensitive_attributes": [],
          "identity_schema_version": 0
        }
      ]
    },
    {
      "mode": "managed",
      "type": "host_package_brew",
      "name": "zsh",
      "provider": "provider[\"registry.terraform.io/dongho-jung/host\"]",
      "instances": [
        {
          "schema_version": 0,
          "attributes": {
            "autoremove": true,
            "candidate_version": "5.9.1",
            "id": "formula:zsh",
            "installed_version": "5.9.1",
            "name": "zsh",
            "package_type": "formula",
            "pinned": false,
            "tap": null,
            "version": "latest",
            "zap": false
          },
          "sensitive_attributes": [],
          "identity_schema_version": 0
        }
      ]
    }
  ],
  "check_results": null
}
